// !$*UTF8*$!
{
	archiveVersion = 1;
	classes = {
	};
	objectVersion = 46;
	objects = {

/* Begin PBXBuildFile section */
		1E933EBA1E7EC1CB003431C8 /* Student Male_000000_32.png in Resources */ = {isa = PBXBuildFile; fileRef = 1E933EB91E7EC1CB003431C8 /* Student Male_000000_32.png */; };
		1E933EBC1E7EC1DD003431C8 /* Google Translate_000000_32.png in Resources */ = {isa = PBXBuildFile; fileRef = 1E933EBB1E7EC1DD003431C8 /* Google Translate_000000_32.png */; };
		1E98626A1E7EA424009539CD /* main.m in Sources */ = {isa = PBXBuildFile; fileRef = 1E9862691E7EA424009539CD /* main.m */; };
		1E98626D1E7EA424009539CD /* AppDelegate.m in Sources */ = {isa = PBXBuildFile; fileRef = 1E98626C1E7EA424009539CD /* AppDelegate.m */; };
		1E9862731E7EA424009539CD /* Main.storyboard in Resources */ = {isa = PBXBuildFile; fileRef = 1E9862711E7EA424009539CD /* Main.storyboard */; };
		1E9862761E7EA424009539CD /* Translate2Learn.xcdatamodeld in Sources */ = {isa = PBXBuildFile; fileRef = 1E9862741E7EA424009539CD /* Translate2Learn.xcdatamodeld */; };
		1E9862781E7EA424009539CD /* Assets.xcassets in Resources */ = {isa = PBXBuildFile; fileRef = 1E9862771E7EA424009539CD /* Assets.xcassets */; };
		1E98627B1E7EA424009539CD /* LaunchScreen.storyboard in Resources */ = {isa = PBXBuildFile; fileRef = 1E9862791E7EA424009539CD /* LaunchScreen.storyboard */; };
		1E98628C1E7EA693009539CD /* MVTranslateViewController.m in Sources */ = {isa = PBXBuildFile; fileRef = 1E98628B1E7EA693009539CD /* MVTranslateViewController.m */; };
		1E98628F1E7EA69D009539CD /* MVLearnViewController.m in Sources */ = {isa = PBXBuildFile; fileRef = 1E98628E1E7EA69D009539CD /* MVLearnViewController.m */; };
		5DB1E15BD399B2A1C952724F /* libPods-Translate2Learn.a in Frameworks */ = {isa = PBXBuildFile; fileRef = E3BF79C174ED9CE0E56C97D8 /* libPods-Translate2Learn.a */; };
/* End PBXBuildFile section */

/* Begin PBXFileReference section */
		1E933EB91E7EC1CB003431C8 /* Student Male_000000_32.png */ = {isa = PBXFileReference; lastKnownFileType = image.png; name = "Student Male_000000_32.png"; path = "../../com.visualpharm.Icons8/ios/People/Student Male_000000_32.png"; sourceTree = "<group>"; };
		1E933EBB1E7EC1DD003431C8 /* Google Translate_000000_32.png */ = {isa = PBXFileReference; lastKnownFileType = image.png; name = "Google Translate_000000_32.png"; path = "../../com.visualpharm.Icons8/ios/Logos/Google Translate_000000_32.png"; sourceTree = "<group>"; };
		1E9862651E7EA424009539CD /* Translate2Learn.app */ = {isa = PBXFileReference; explicitFileType = wrapper.application; includeInIndex = 0; path = Translate2Learn.app; sourceTree = BUILT_PRODUCTS_DIR; };
		1E9862691E7EA424009539CD /* main.m */ = {isa = PBXFileReference; lastKnownFileType = sourcecode.c.objc; path = main.m; sourceTree = "<group>"; };
		1E98626B1E7EA424009539CD /* AppDelegate.h */ = {isa = PBXFileReference; lastKnownFileType = sourcecode.c.h; path = AppDelegate.h; sourceTree = "<group>"; };
		1E98626C1E7EA424009539CD /* AppDelegate.m */ = {isa = PBXFileReference; lastKnownFileType = sourcecode.c.objc; path = AppDelegate.m; sourceTree = "<group>"; };
		1E9862721E7EA424009539CD /* Base */ = {isa = PBXFileReference; lastKnownFileType = file.storyboard; name = Base; path = Base.lproj/Main.storyboard; sourceTree = "<group>"; };
		1E9862751E7EA424009539CD /* Translate2Learn.xcdatamodel */ = {isa = PBXFileReference; lastKnownFileType = wrapper.xcdatamodel; path = Translate2Learn.xcdatamodel; sourceTree = "<group>"; };
		1E9862771E7EA424009539CD /* Assets.xcassets */ = {isa = PBXFileReference; lastKnownFileType = folder.assetcatalog; path = Assets.xcassets; sourceTree = "<group>"; };
		1E98627A1E7EA424009539CD /* Base */ = {isa = PBXFileReference; lastKnownFileType = file.storyboard; name = Base; path = Base.lproj/LaunchScreen.storyboard; sourceTree = "<group>"; };
		1E98627C1E7EA424009539CD /* Info.plist */ = {isa = PBXFileReference; lastKnownFileType = text.plist.xml; path = Info.plist; sourceTree = "<group>"; };
		1E98628A1E7EA693009539CD /* MVTranslateViewController.h */ = {isa = PBXFileReference; fileEncoding = 4; lastKnownFileType = sourcecode.c.h; path = MVTranslateViewController.h; sourceTree = "<group>"; };
		1E98628B1E7EA693009539CD /* MVTranslateViewController.m */ = {isa = PBXFileReference; fileEncoding = 4; lastKnownFileType = sourcecode.c.objc; path = MVTranslateViewController.m; sourceTree = "<group>"; };
		1E98628D1E7EA69D009539CD /* MVLearnViewController.h */ = {isa = PBXFileReference; fileEncoding = 4; lastKnownFileType = sourcecode.c.h; path = MVLearnViewController.h; sourceTree = "<group>"; };
		1E98628E1E7EA69D009539CD /* MVLearnViewController.m */ = {isa = PBXFileReference; fileEncoding = 4; lastKnownFileType = sourcecode.c.objc; path = MVLearnViewController.m; sourceTree = "<group>"; };
		5EE9B08F977979C1CFBD5376 /* Pods-Translate2Learn.release.xcconfig */ = {isa = PBXFileReference; includeInIndex = 1; lastKnownFileType = text.xcconfig; name = "Pods-Translate2Learn.release.xcconfig"; path = "Pods/Target Support Files/Pods-Translate2Learn/Pods-Translate2Learn.release.xcconfig"; sourceTree = "<group>"; };
		B299F58591994B6717EAF213 /* Pods-Translate2Learn.debug.xcconfig */ = {isa = PBXFileReference; includeInIndex = 1; lastKnownFileType = text.xcconfig; name = "Pods-Translate2Learn.debug.xcconfig"; path = "Pods/Target Support Files/Pods-Translate2Learn/Pods-Translate2Learn.debug.xcconfig"; sourceTree = "<group>"; };
		E3BF79C174ED9CE0E56C97D8 /* libPods-Translate2Learn.a */ = {isa = PBXFileReference; explicitFileType = archive.ar; includeInIndex = 0; path = "libPods-Translate2Learn.a"; sourceTree = BUILT_PRODUCTS_DIR; };
/* End PBXFileReference section */

/* Begin PBXFrameworksBuildPhase section */
		1E9862621E7EA424009539CD /* Frameworks */ = {
			isa = PBXFrameworksBuildPhase;
			buildActionMask = 2147483647;
			files = (
				5DB1E15BD399B2A1C952724F /* libPods-Translate2Learn.a in Frameworks */,
			);
			runOnlyForDeploymentPostprocessing = 0;
		};
/* End PBXFrameworksBuildPhase section */

/* Begin PBXGroup section */
		1E98625C1E7EA424009539CD = {
			isa = PBXGroup;
			children = (
				1E9862671E7EA424009539CD /* Translate2Learn */,
				1E9862661E7EA424009539CD /* Products */,
				59FDD3041BAEA90FED9C3DEE /* Pods */,
				714F76674710D98201FDD1CD /* Frameworks */,
			);
			sourceTree = "<group>";
		};
		1E9862661E7EA424009539CD /* Products */ = {
			isa = PBXGroup;
			children = (
				1E9862651E7EA424009539CD /* Translate2Learn.app */,
			);
			name = Products;
			sourceTree = "<group>";
		};
		1E9862671E7EA424009539CD /* Translate2Learn */ = {
			isa = PBXGroup;
			children = (
				1E9862851E7EA58A009539CD /* Controller */,
				1E9862841E7EA580009539CD /* Model */,
				1E9862831E7EA575009539CD /* View */,
				1E9862821E7EA52D009539CD /* Resources */,
				1E98626B1E7EA424009539CD /* AppDelegate.h */,
				1E98626C1E7EA424009539CD /* AppDelegate.m */,
				1E9862711E7EA424009539CD /* Main.storyboard */,
				1E9862771E7EA424009539CD /* Assets.xcassets */,
				1E9862791E7EA424009539CD /* LaunchScreen.storyboard */,
				1E98627C1E7EA424009539CD /* Info.plist */,
				1E9862741E7EA424009539CD /* Translate2Learn.xcdatamodeld */,
				1E9862681E7EA424009539CD /* Supporting Files */,
			);
			path = Translate2Learn;
			sourceTree = "<group>";
		};
		1E9862681E7EA424009539CD /* Supporting Files */ = {
			isa = PBXGroup;
			children = (
				1E9862691E7EA424009539CD /* main.m */,
			);
			name = "Supporting Files";
			sourceTree = "<group>";
		};
		1E9862821E7EA52D009539CD /* Resources */ = {
			isa = PBXGroup;
			children = (
				1E933EBB1E7EC1DD003431C8 /* Google Translate_000000_32.png */,
				1E933EB91E7EC1CB003431C8 /* Student Male_000000_32.png */,
			);
			name = Resources;
			sourceTree = "<group>";
		};
		1E9862831E7EA575009539CD /* View */ = {
			isa = PBXGroup;
			children = (
			);
			name = View;
			sourceTree = "<group>";
		};
		1E9862841E7EA580009539CD /* Model */ = {
			isa = PBXGroup;
			children = (
			);
			name = Model;
			sourceTree = "<group>";
		};
		1E9862851E7EA58A009539CD /* Controller */ = {
			isa = PBXGroup;
			children = (
				1E98628A1E7EA693009539CD /* MVTranslateViewController.h */,
				1E98628B1E7EA693009539CD /* MVTranslateViewController.m */,
				1E98628D1E7EA69D009539CD /* MVLearnViewController.h */,
				1E98628E1E7EA69D009539CD /* MVLearnViewController.m */,
			);
			name = Controller;
			sourceTree = "<group>";
		};
		59FDD3041BAEA90FED9C3DEE /* Pods */ = {
			isa = PBXGroup;
			children = (
				B299F58591994B6717EAF213 /* Pods-Translate2Learn.debug.xcconfig */,
				5EE9B08F977979C1CFBD5376 /* Pods-Translate2Learn.release.xcconfig */,
			);
			name = Pods;
			sourceTree = "<group>";
		};
		714F76674710D98201FDD1CD /* Frameworks */ = {
			isa = PBXGroup;
			children = (
				E3BF79C174ED9CE0E56C97D8 /* libPods-Translate2Learn.a */,
			);
			name = Frameworks;
			sourceTree = "<group>";
		};
/* End PBXGroup section */

/* Begin PBXNativeTarget section */
		1E9862641E7EA424009539CD /* Translate2Learn */ = {
			isa = PBXNativeTarget;
			buildConfigurationList = 1E98627F1E7EA424009539CD /* Build configuration list for PBXNativeTarget "Translate2Learn" */;
			buildPhases = (
				FB58570A3C0A9EFFC12F0878 /* [CP] Check Pods Manifest.lock */,
				1E9862611E7EA424009539CD /* Sources */,
				1E9862621E7EA424009539CD /* Frameworks */,
				1E9862631E7EA424009539CD /* Resources */,
				95E9B67CFD769061775FA8C5 /* [CP] Embed Pods Frameworks */,
				C58624CFAF1A8B15D1A46808 /* [CP] Copy Pods Resources */,
			);
			buildRules = (
			);
			dependencies = (
			);
			name = Translate2Learn;
			productName = Translate2Learn;
			productReference = 1E9862651E7EA424009539CD /* Translate2Learn.app */;
			productType = "com.apple.product-type.application";
		};
/* End PBXNativeTarget section */

/* Begin PBXProject section */
		1E98625D1E7EA424009539CD /* Project object */ = {
			isa = PBXProject;
			attributes = {
				LastUpgradeCheck = 0820;
				ORGANIZATIONNAME = "Mountain Viewer";
				TargetAttributes = {
					1E9862641E7EA424009539CD = {
						CreatedOnToolsVersion = 8.2.1;
						DevelopmentTeam = 7544MQP9KA;
						ProvisioningStyle = Automatic;
					};
				};
			};
			buildConfigurationList = 1E9862601E7EA424009539CD /* Build configuration list for PBXProject "Translate2Learn" */;
			compatibilityVersion = "Xcode 3.2";
			developmentRegion = English;
			hasScannedForEncodings = 0;
			knownRegions = (
				en,
				Base,
			);
			mainGroup = 1E98625C1E7EA424009539CD;
			productRefGroup = 1E9862661E7EA424009539CD /* Products */;
			projectDirPath = "";
			projectRoot = "";
			targets = (
				1E9862641E7EA424009539CD /* Translate2Learn */,
			);
		};
/* End PBXProject section */

/* Begin PBXResourcesBuildPhase section */
		1E9862631E7EA424009539CD /* Resources */ = {
			isa = PBXResourcesBuildPhase;
			buildActionMask = 2147483647;
			files = (
				1E98627B1E7EA424009539CD /* LaunchScreen.storyboard in Resources */,
				1E9862781E7EA424009539CD /* Assets.xcassets in Resources */,
				1E933EBA1E7EC1CB003431C8 /* Student Male_000000_32.png in Resources */,
				1E933EBC1E7EC1DD003431C8 /* Google Translate_000000_32.png in Resources */,
				1E9862731E7EA424009539CD /* Main.storyboard in Resources */,
			);
			runOnlyForDeploymentPostprocessing = 0;
		};
/* End PBXResourcesBuildPhase section */

/* Begin PBXShellScriptBuildPhase section */
		95E9B67CFD769061775FA8C5 /* [CP] Embed Pods Frameworks */ = {
			isa = PBXShellScriptBuildPhase;
			buildActionMask = 2147483647;
			files = (
			);
			inputPaths = (
			);
			name = "[CP] Embed Pods Frameworks";
			outputPaths = (
			);
			runOnlyForDeploymentPostprocessing = 0;
			shellPath = /bin/sh;
			shellScript = "\"${SRCROOT}/Pods/Target Support Files/Pods-Translate2Learn/Pods-Translate2Learn-frameworks.sh\"\n";
			showEnvVarsInLog = 0;
		};
		C58624CFAF1A8B15D1A46808 /* [CP] Copy Pods Resources */ = {
			isa = PBXShellScriptBuildPhase;
			buildActionMask = 2147483647;
			files = (
			);
			inputPaths = (
			);
			name = "[CP] Copy Pods Resources";
			outputPaths = (
			);
			runOnlyForDeploymentPostprocessing = 0;
			shellPath = /bin/sh;
			shellScript = "\"${SRCROOT}/Pods/Target Support Files/Pods-Translate2Learn/Pods-Translate2Learn-resources.sh\"\n";
			showEnvVarsInLog = 0;
		};
		FB58570A3C0A9EFFC12F0878 /* [CP] Check Pods Manifest.lock */ = {
			isa = PBXShellScriptBuildPhase;
			buildActionMask = 2147483647;
			files = (
			);
			inputPaths = (
			);
			name = "[CP] Check Pods Manifest.lock";
			outputPaths = (
			);
			runOnlyForDeploymentPostprocessing = 0;
			shellPath = /bin/sh;
			shellScript = "diff \"${PODS_ROOT}/../Podfile.lock\" \"${PODS_ROOT}/Manifest.lock\" > /dev/null\nif [ $? != 0 ] ; then\n    # print error to STDERR\n    echo \"error: The sandbox is not in sync with the Podfile.lock. Run 'pod install' or update your CocoaPods installation.\" >&2\n    exit 1\nfi\n";
			showEnvVarsInLog = 0;
		};
/* End PBXShellScriptBuildPhase section */

/* Begin PBXSourcesBuildPhase section */
		1E9862611E7EA424009539CD /* Sources */ = {
			isa = PBXSourcesBuildPhase;
			buildActionMask = 2147483647;
			files = (
				1E98626D1E7EA424009539CD /* AppDelegate.m in Sources */,
				1E98628F1E7EA69D009539CD /* MVLearnViewController.m in Sources */,
				1E9862761E7EA424009539CD /* Translate2Learn.xcdatamodeld in Sources */,
				1E98626A1E7EA424009539CD /* main.m in Sources */,
				1E98628C1E7EA693009539CD /* MVTranslateViewController.m in Sources */,
			);
			runOnlyForDeploymentPostprocessing = 0;
		};
/* End PBXSourcesBuildPhase section */

/* Begin PBXVariantGroup section */
		1E9862711E7EA424009539CD /* Main.storyboard */ = {
			isa = PBXVariantGroup;
			children = (
				1E9862721E7EA424009539CD /* Base */,
			);
			name = Main.storyboard;
			sourceTree = "<group>";
		};
		1E9862791E7EA424009539CD /* LaunchScreen.storyboard */ = {
			isa = PBXVariantGroup;
			children = (
				1E98627A1E7EA424009539CD /* Base */,
			);
			name = LaunchScreen.storyboard;
			sourceTree = "<group>";
		};
/* End PBXVariantGroup section */

/* Begin XCBuildConfiguration section */
		1E98627D1E7EA424009539CD /* Debug */ = {
			isa = XCBuildConfiguration;
			buildSettings = {
				ALWAYS_SEARCH_USER_PATHS = NO;
				CLANG_ANALYZER_NONNULL = YES;
				CLANG_CXX_LANGUAGE_STANDARD = "gnu++0x";
				CLANG_CXX_LIBRARY = "libc++";
				CLANG_ENABLE_MODULES = YES;
				CLANG_ENABLE_OBJC_ARC = YES;
				CLANG_WARN_BOOL_CONVERSION = YES;
				CLANG_WARN_CONSTANT_CONVERSION = YES;
				CLANG_WARN_DIRECT_OBJC_ISA_USAGE = YES_ERROR;
				CLANG_WARN_DOCUMENTATION_COMMENTS = YES;
				CLANG_WARN_EMPTY_BODY = YES;
				CLANG_WARN_ENUM_CONVERSION = YES;
				CLANG_WARN_INFINITE_RECURSION = YES;
				CLANG_WARN_INT_CONVERSION = YES;
				CLANG_WARN_OBJC_ROOT_CLASS = YES_ERROR;
				CLANG_WARN_SUSPICIOUS_MOVE = YES;
				CLANG_WARN_UNREACHABLE_CODE = YES;
				CLANG_WARN__DUPLICATE_METHOD_MATCH = YES;
				"CODE_SIGN_IDENTITY[sdk=iphoneos*]" = "iPhone Developer";
				COPY_PHASE_STRIP = NO;
				DEBUG_INFORMATION_FORMAT = dwarf;
				ENABLE_STRICT_OBJC_MSGSEND = YES;
				ENABLE_TESTABILITY = YES;
				GCC_C_LANGUAGE_STANDARD = gnu99;
				GCC_DYNAMIC_NO_PIC = NO;
				GCC_NO_COMMON_BLOCKS = YES;
				GCC_OPTIMIZATION_LEVEL = 0;
				GCC_PREPROCESSOR_DEFINITIONS = (
					"DEBUG=1",
					"$(inherited)",
				);
				GCC_WARN_64_TO_32_BIT_CONVERSION = YES;
				GCC_WARN_ABOUT_RETURN_TYPE = YES_ERROR;
				GCC_WARN_UNDECLARED_SELECTOR = YES;
				GCC_WARN_UNINITIALIZED_AUTOS = YES_AGGRESSIVE;
				GCC_WARN_UNUSED_FUNCTION = YES;
				GCC_WARN_UNUSED_VARIABLE = YES;
				IPHONEOS_DEPLOYMENT_TARGET = 10.2;
				MTL_ENABLE_DEBUG_INFO = YES;
				ONLY_ACTIVE_ARCH = YES;
				SDKROOT = iphoneos;
				TARGETED_DEVICE_FAMILY = "1,2";
			};
			name = Debug;
		};
		1E98627E1E7EA424009539CD /* Release */ = {
			isa = XCBuildConfiguration;
			buildSettings = {
				ALWAYS_SEARCH_USER_PATHS = NO;
				CLANG_ANALYZER_NONNULL = YES;
				CLANG_CXX_LANGUAGE_STANDARD = "gnu++0x";
				CLANG_CXX_LIBRARY = "libc++";
				CLANG_ENABLE_MODULES = YES;
				CLANG_ENABLE_OBJC_ARC = YES;
				CLANG_WARN_BOOL_CONVERSION = YES;
				CLANG_WARN_CONSTANT_CONVERSION = YES;
				CLANG_WARN_DIRECT_OBJC_ISA_USAGE = YES_ERROR;
				CLANG_WARN_DOCUMENTATION_COMMENTS = YES;
				CLANG_WARN_EMPTY_BODY = YES;
				CLANG_WARN_ENUM_CONVERSION = YES;
				CLANG_WARN_INFINITE_RECURSION = YES;
				CLANG_WARN_INT_CONVERSION = YES;
				CLANG_WARN_OBJC_ROOT_CLASS = YES_ERROR;
				CLANG_WARN_SUSPICIOUS_MOVE = YES;
				CLANG_WARN_UNREACHABLE_CODE = YES;
				CLANG_WARN__DUPLICATE_METHOD_MATCH = YES;
				"CODE_SIGN_IDENTITY[sdk=iphoneos*]" = "iPhone Developer";
				COPY_PHASE_STRIP = NO;
				DEBUG_INFORMATION_FORMAT = "dwarf-with-dsym";
				ENABLE_NS_ASSERTIONS = NO;
				ENABLE_STRICT_OBJC_MSGSEND = YES;
				GCC_C_LANGUAGE_STANDARD = gnu99;
				GCC_NO_COMMON_BLOCKS = YES;
				GCC_WARN_64_TO_32_BIT_CONVERSION = YES;
				GCC_WARN_ABOUT_RETURN_TYPE = YES_ERROR;
				GCC_WARN_UNDECLARED_SELECTOR = YES;
				GCC_WARN_UNINITIALIZED_AUTOS = YES_AGGRESSIVE;
				GCC_WARN_UNUSED_FUNCTION = YES;
				GCC_WARN_UNUSED_VARIABLE = YES;
				IPHONEOS_DEPLOYMENT_TARGET = 10.2;
				MTL_ENABLE_DEBUG_INFO = NO;
				SDKROOT = iphoneos;
				TARGETED_DEVICE_FAMILY = "1,2";
				VALIDATE_PRODUCT = YES;
			};
			name = Release;
		};
		1E9862801E7EA424009539CD /* Debug */ = {
			isa = XCBuildConfiguration;
			baseConfigurationReference = B299F58591994B6717EAF213 /* Pods-Translate2Learn.debug.xcconfig */;
			buildSettings = {
				ASSETCATALOG_COMPILER_APPICON_NAME = AppIcon;
				DEVELOPMENT_TEAM = 7544MQP9KA;
				INFOPLIST_FILE = Translate2Learn/Info.plist;
				LD_RUNPATH_SEARCH_PATHS = "$(inherited) @executable_path/Frameworks";
				PRODUCT_BUNDLE_IDENTIFIER = "com.mountain-viewer.Translate2Learn";
				PRODUCT_NAME = "$(TARGET_NAME)";
			};
			name = Debug;
		};
		1E9862811E7EA424009539CD /* Release */ = {
			isa = XCBuildConfiguration;
			baseConfigurationReference = 5EE9B08F977979C1CFBD5376 /* Pods-Translate2Learn.release.xcconfig */;
			buildSettings = {
				ASSETCATALOG_COMPILER_APPICON_NAME = AppIcon;
				DEVELOPMENT_TEAM = 7544MQP9KA;
				INFOPLIST_FILE = Translate2Learn/Info.plist;
				LD_RUNPATH_SEARCH_PATHS = "$(inherited) @executable_path/Frameworks";
				PRODUCT_BUNDLE_IDENTIFIER = "com.mountain-viewer.Translate2Learn";
				PRODUCT_NAME = "$(TARGET_NAME)";
			};
			name = Release;
		};
/* End XCBuildConfiguration section */

/* Begin XCConfigurationList section */
		1E9862601E7EA424009539CD /* Build configuration list for PBXProject "Translate2Learn" */ = {
			isa = XCConfigurationList;
			buildConfigurations = (
				1E98627D1E7EA424009539CD /* Debug */,
				1E98627E1E7EA424009539CD /* Release */,
			);
			defaultConfigurationIsVisible = 0;
			defaultConfigurationName = Release;
		};
		1E98627F1E7EA424009539CD /* Build configuration list for PBXNativeTarget "Translate2Learn" */ = {
			isa = XCConfigurationList;
			buildConfigurations = (
				1E9862801E7EA424009539CD /* Debug */,
				1E9862811E7EA424009539CD /* Release */,
			);
			defaultConfigurationIsVisible = 0;
			defaultConfigurationName = Release;
		};
/* End XCConfigurationList section */

/* Begin XCVersionGroup section */
		1E9862741E7EA424009539CD /* Translate2Learn.xcdatamodeld */ = {
			isa = XCVersionGroup;
			children = (
				1E9862751E7EA424009539CD /* Translate2Learn.xcdatamodel */,
			);
			currentVersion = 1E9862751E7EA424009539CD /* Translate2Learn.xcdatamodel */;
			path = Translate2Learn.xcdatamodeld;
			sourceTree = "<group>";
			versionGroupType = wrapper.xcdatamodel;
		};
/* End XCVersionGroup section */
	};
	rootObject = 1E98625D1E7EA424009539CD /* Project object */;
}
